{
  "name": "editor-js-wysiwyg",
  "version": "1.0.1",
  "lockfileVersion": 1,
  "requires": true,
  "dependencies": {
    "prototype-js-core": {
      "version": "1.7.3",
      "resolved": "https://registry.npmjs.org/prototype-js-core/-/prototype-js-core-1.7.3.tgz",
      "integrity": "sha512-3RF4QD0DW/XyBTW1AqnFmPbpu/fq/1PMBcxBvs86wLS39zQBQNAciMVBthCigt1GhN6vKSW4IuddokICb6iZBA=="
    },
    "scriptaculous-js": {
      "version": "1.9.0",
      "resolved": "https://registry.npmjs.org/scriptaculous-js/-/scriptaculous-js-1.9.0.tgz",
      "integrity": "sha512-pOl0v914A5oE5jxuth7XHttAWGwcmiMLNATJuuWbv3f0lmJJClkh4tLBzu6p3rR6hkr0cJm2e4af6OkOEsxKHA==",
      "requires": {
        "prototype-js-core": "^1.7.3"
      }
    }
  }
}
